// !$*UTF8*$!
{
	archiveVersion = 1;
	classes = {};
	objectVersion = 77;
	objects = {

/* Begin PBXBuildFile section */
		A10000000000000000000001 /* MemvocaApp.swift in Sources */ = {isa = PBXBuildFile; fileRef = A10000000000000000000011 /* MemvocaApp.swift */; };
		A10000000000000000000002 /* BluetoothManager.swift in Sources */ = {isa = PBXBuildFile; fileRef = A10000000000000000000012 /* BluetoothManager.swift */; };
		A10000000000000000000003 /* BluetoothModels.swift in Sources */ = {isa = PBXBuildFile; fileRef = A10000000000000000000013 /* BluetoothModels.swift */; };
		A10000000000000000000004 /* ContentView.swift in Sources */ = {isa = PBXBuildFile; fileRef = A10000000000000000000014 /* ContentView.swift */; };
/* End PBXBuildFile section */

/* Begin PBXFileReference section */
		A10000000000000000000011 /* MemvocaApp.swift */ = {isa = PBXFileReference; lastKnownFileType = sourcecode.swift; path = MemvocaApp.swift; sourceTree = "<group>"; };
		A10000000000000000000012 /* BluetoothManager.swift */ = {isa = PBXFileReference; lastKnownFileType = sourcecode.swift; path = BluetoothManager.swift; sourceTree = "<group>"; };
		A10000000000000000000013 /* BluetoothModels.swift */ = {isa = PBXFileReference; lastKnownFileType = sourcecode.swift; path = BluetoothModels.swift; sourceTree = "<group>"; };
		A10000000000000000000014 /* ContentView.swift */ = {isa = PBXFileReference; lastKnownFileType = sourcecode.swift; path = ContentView.swift; sourceTree = "<group>"; };
		A10000000000000000000015 /* Memvoca.app */ = {isa = PBXFileReference; explicitFileType = wrapper.application; includeInIndex = 0; path = Memvoca.app; sourceTree = BUILT_PRODUCTS_DIR; };
/* End PBXFileReference section */

/* Begin PBXFrameworksBuildPhase section */
		A10000000000000000000021 /* Frameworks */ = {isa = PBXFrameworksBuildPhase; buildActionMask = 2147483647; files = (); runOnlyForDeploymentPostprocessing = 0; };
/* End PBXFrameworksBuildPhase section */

/* Begin PBXGroup section */
		A10000000000000000000031 = {isa = PBXGroup; children = (A10000000000000000000032 /* Memvoca */, A10000000000000000000033 /* Products */); sourceTree = "<group>"; };
		A10000000000000000000032 /* Memvoca */ = {isa = PBXGroup; children = (A10000000000000000000011 /* MemvocaApp.swift */, A10000000000000000000012 /* BluetoothManager.swift */, A10000000000000000000013 /* BluetoothModels.swift */, A10000000000000000000014 /* ContentView.swift */); path = Memvoca; sourceTree = "<group>"; };
		A10000000000000000000033 /* Products */ = {isa = PBXGroup; children = (A10000000000000000000015 /* Memvoca.app */,); name = Products; sourceTree = "<group>"; };
/* End PBXGroup section */

/* Begin PBXNativeTarget section */
		A10000000000000000000041 /* Memvoca */ = {isa = PBXNativeTarget; buildConfigurationList = A10000000000000000000051 /* Build configuration list for PBXNativeTarget "Memvoca" */; buildPhases = (A10000000000000000000022 /* Sources */, A10000000000000000000021 /* Frameworks */, A10000000000000000000023 /* Resources */); buildRules = (); dependencies = (); name = Memvoca; productName = Memvoca; productReference = A10000000000000000000015 /* Memvoca.app */; productType = "com.apple.product-type.application"; };
/* End PBXNativeTarget section */

/* Begin PBXProject section */
		A10000000000000000000061 /* Project object */ = {isa = PBXProject; attributes = { BuildIndependentTargetsInParallel = 1; LastSwiftUpdateCheck = 1600; LastUpgradeCheck = 2700; TargetAttributes = { A10000000000000000000041 = { CreatedOnToolsVersion = 27.0; }; }; }; buildConfigurationList = A10000000000000000000052 /* Build configuration list for PBXProject "Memvoca" */; developmentRegion = en; hasScannedForEncodings = 0; knownRegions = (en, Base,); mainGroup = A10000000000000000000031; productRefGroup = A10000000000000000000033 /* Products */; projectDirPath = ""; projectRoot = ""; targets = (A10000000000000000000041 /* Memvoca */,); };
/* End PBXProject section */

/* Begin PBXResourcesBuildPhase section */
		A10000000000000000000023 /* Resources */ = {isa = PBXResourcesBuildPhase; buildActionMask = 2147483647; files = (); runOnlyForDeploymentPostprocessing = 0; };
/* End PBXResourcesBuildPhase section */

/* Begin PBXSourcesBuildPhase section */
		A10000000000000000000022 /* Sources */ = {isa = PBXSourcesBuildPhase; buildActionMask = 2147483647; files = (A10000000000000000000001 /* MemvocaApp.swift in Sources */, A10000000000000000000002 /* BluetoothManager.swift in Sources */, A10000000000000000000003 /* BluetoothModels.swift in Sources */, A10000000000000000000004 /* ContentView.swift in Sources */,); runOnlyForDeploymentPostprocessing = 0; };
/* End PBXSourcesBuildPhase section */

/* Begin XCBuildConfiguration section */
		A10000000000000000000071 /* Debug */ = {isa = XCBuildConfiguration; buildSettings = { ALWAYS_SEARCH_USER_PATHS = NO; CLANG_ENABLE_MODULES = YES; CLANG_ENABLE_OBJC_ARC = YES; CLANG_WARN_QUOTED_INCLUDE_IN_FRAMEWORK_HEADER = YES; COPY_PHASE_STRIP = NO; DEBUG_INFORMATION_FORMAT = dwarf; ENABLE_TESTABILITY = YES; GCC_C_LANGUAGE_STANDARD = gnu17; GCC_OPTIMIZATION_LEVEL = 0; SDKROOT = iphoneos; SWIFT_ACTIVE_COMPILATION_CONDITIONS = "DEBUG $(inherited)"; SWIFT_OPTIMIZATION_LEVEL = "-Onone"; }; name = Debug; };
		A10000000000000000000072 /* Release */ = {isa = XCBuildConfiguration; buildSettings = { ALWAYS_SEARCH_USER_PATHS = NO; CLANG_ENABLE_MODULES = YES; CLANG_ENABLE_OBJC_ARC = YES; COPY_PHASE_STRIP = NO; DEBUG_INFORMATION_FORMAT = "dwarf-with-dsym"; GCC_C_LANGUAGE_STANDARD = gnu17; SDKROOT = iphoneos; SWIFT_COMPILATION_MODE = wholemodule; SWIFT_OPTIMIZATION_LEVEL = "-O"; }; name = Release; };
		A10000000000000000000073 /* Debug */ = {isa = XCBuildConfiguration; buildSettings = { ASSETCATALOG_COMPILER_APPICON_NAME = ""; CODE_SIGN_STYLE = Automatic; CURRENT_PROJECT_VERSION = 1; DEVELOPMENT_TEAM = ""; GENERATE_INFOPLIST_FILE = YES; INFOPLIST_KEY_NSBluetoothAlwaysUsageDescription = "Memvoca uses Bluetooth to discover and connect to your audio device."; INFOPLIST_KEY_NSBluetoothPeripheralUsageDescription = "Memvoca uses Bluetooth to discover and connect to your audio device."; IPHONEOS_DEPLOYMENT_TARGET = 17.0; LD_RUNPATH_SEARCH_PATHS = "$(inherited) @executable_path/Frameworks"; MARKETING_VERSION = 0.1.0; PRODUCT_BUNDLE_IDENTIFIER = com.memvoca.app; PRODUCT_NAME = "$(TARGET_NAME)"; SUPPORTED_PLATFORMS = "iphoneos iphonesimulator"; SWIFT_EMIT_LOC_STRINGS = YES; SWIFT_VERSION = 6.0; TARGETED_DEVICE_FAMILY = 1; }; name = Debug; };
		A10000000000000000000074 /* Release */ = {isa = XCBuildConfiguration; buildSettings = { ASSETCATALOG_COMPILER_APPICON_NAME = ""; CODE_SIGN_STYLE = Automatic; CURRENT_PROJECT_VERSION = 1; DEVELOPMENT_TEAM = ""; GENERATE_INFOPLIST_FILE = YES; INFOPLIST_KEY_NSBluetoothAlwaysUsageDescription = "Memvoca uses Bluetooth to discover and connect to your audio device."; INFOPLIST_KEY_NSBluetoothPeripheralUsageDescription = "Memvoca uses Bluetooth to discover and connect to your audio device."; IPHONEOS_DEPLOYMENT_TARGET = 17.0; LD_RUNPATH_SEARCH_PATHS = "$(inherited) @executable_path/Frameworks"; MARKETING_VERSION = 0.1.0; PRODUCT_BUNDLE_IDENTIFIER = com.memvoca.app; PRODUCT_NAME = "$(TARGET_NAME)"; SUPPORTED_PLATFORMS = "iphoneos iphonesimulator"; SWIFT_EMIT_LOC_STRINGS = YES; SWIFT_VERSION = 6.0; TARGETED_DEVICE_FAMILY = 1; }; name = Release; };
/* End XCBuildConfiguration section */

/* Begin XCConfigurationList section */
		A10000000000000000000051 /* Build configuration list for PBXNativeTarget "Memvoca" */ = {isa = XCConfigurationList; buildConfigurations = (A10000000000000000000073 /* Debug */, A10000000000000000000074 /* Release */,); defaultConfigurationIsVisible = 0; defaultConfigurationName = Release; };
		A10000000000000000000052 /* Build configuration list for PBXProject "Memvoca" */ = {isa = XCConfigurationList; buildConfigurations = (A10000000000000000000071 /* Debug */, A10000000000000000000072 /* Release */,); defaultConfigurationIsVisible = 0; defaultConfigurationName = Release; };
/* End XCConfigurationList section */
	};
	rootObject = A10000000000000000000061 /* Project object */;
}
